
Microsoft Visual Studio Solution File, Format Version 12.00
# Visual Studio Version 17
VisualStudioVersion = 17.13.35825.156 d17.13
MinimumVisualStudioVersion = 10.0.40219.1
Project("{8BC9CEB8-8B4A-11D0-8D11-00A0C91BC942}") = "lab oop", "lab oop\lab oop.vcxproj", "{93DE0476-FD4F-43FD-AD53-50293AFB51C5}"
EndProject
Global
	GlobalSection(SolutionConfigurationPlatforms) = preSolution
		Debug|x64 = Debug|x64
		Debug|x86 = Debug|x86
		Release|x64 = Release|x64
		Release|x86 = Release|x86
	EndGlobalSection
	GlobalSection(ProjectConfigurationPlatforms) = postSolution
		{93DE0476-FD4F-43FD-AD53-50293AFB51C5}.Debug|x64.ActiveCfg = Debug|x64
		{93DE0476-FD4F-43FD-AD53-50293AFB51C5}.Debug|x64.Build.0 = Debug|x64
		{93DE0476-FD4F-43FD-AD53-50293AFB51C5}.Debug|x86.ActiveCfg = Debug|Win32
		{93DE0476-FD4F-43FD-AD53-50293AFB51C5}.Debug|x86.Build.0 = Debug|Win32
		{93DE0476-FD4F-43FD-AD53-50293AFB51C5}.Release|x64.ActiveCfg = Release|x64
		{93DE0476-FD4F-43FD-AD53-50293AFB51C5}.Release|x64.Build.0 = Release|x64
		{93DE0476-FD4F-43FD-AD53-50293AFB51C5}.Release|x86.ActiveCfg = Release|Win32
		{93DE0476-FD4F-43FD-AD53-50293AFB51C5}.Release|x86.Build.0 = Release|Win32
	EndGlobalSection
	GlobalSection(SolutionProperties) = preSolution
		HideSolutionNode = FALSE
	EndGlobalSection
	GlobalSection(ExtensibilityGlobals) = postSolution
		SolutionGuid = {FEAF286A-CD9B-4B94-8B0F-5D6CBBDCC114}
	EndGlobalSection
EndGlobal
